dependencies:
- name: redis
  repository: https://kubernetes-charts.storage.googleapis.com/
  version: 8.0.1
- name: mariadb
  repository: https://kubernetes-charts.storage.googleapis.com/
  version: 1.0.5
digest: sha256:bf3f23c18ed3a291cb10ca084435a3b71ab2ad1ba85f72ab6c3b572b9c21d07b
generated: 2019-05-22T10:52:51.38793075+02:00
